
Microsoft Visual Studio Solution File, Format Version 12.00
# Visual Studio 15
VisualStudioVersion = 15.0.26124.0
MinimumVisualStudioVersion = 15.0.26124.0
Project("{2150E333-8FDC-42A3-9474-1A3956D46DE8}") = "src", "src", "{E2E7E9A4-D129-44C8-8742-F77B776859CB}"
EndProject
Project("{F2A71F9B-5D33-465A-A702-920D77279786}") = "FsScheme", "src\FsScheme\FsScheme.fsproj", "{86A3DFAE-8ECD-4FAD-B847-24435494E51E}"
EndProject
Project("{F2A71F9B-5D33-465A-A702-920D77279786}") = "Library", "src\Library\Library.fsproj", "{5DCC8B12-4065-4EEB-BC55-820B78017B45}"
EndProject
Project("{F2A71F9B-5D33-465A-A702-920D77279786}") = "Library.Tests", "src\Library.Tests\Library.Tests.fsproj", "{3AE7DB34-665E-4778-ABC7-DBFF72FAD3EA}"
EndProject
Global
	GlobalSection(SolutionConfigurationPlatforms) = preSolution
		Debug|Any CPU = Debug|Any CPU
		Debug|x64 = Debug|x64
		Debug|x86 = Debug|x86
		Release|Any CPU = Release|Any CPU
		Release|x64 = Release|x64
		Release|x86 = Release|x86
	EndGlobalSection
	GlobalSection(SolutionProperties) = preSolution
		HideSolutionNode = FALSE
	EndGlobalSection
	GlobalSection(ProjectConfigurationPlatforms) = postSolution
		{86A3DFAE-8ECD-4FAD-B847-24435494E51E}.Debug|Any CPU.ActiveCfg = Debug|Any CPU
		{86A3DFAE-8ECD-4FAD-B847-24435494E51E}.Debug|Any CPU.Build.0 = Debug|Any CPU
		{86A3DFAE-8ECD-4FAD-B847-24435494E51E}.Debug|x64.ActiveCfg = Debug|Any CPU
		{86A3DFAE-8ECD-4FAD-B847-24435494E51E}.Debug|x64.Build.0 = Debug|Any CPU
		{86A3DFAE-8ECD-4FAD-B847-24435494E51E}.Debug|x86.ActiveCfg = Debug|Any CPU
		{86A3DFAE-8ECD-4FAD-B847-24435494E51E}.Debug|x86.Build.0 = Debug|Any CPU
		{86A3DFAE-8ECD-4FAD-B847-24435494E51E}.Release|Any CPU.ActiveCfg = Release|Any CPU
		{86A3DFAE-8ECD-4FAD-B847-24435494E51E}.Release|Any CPU.Build.0 = Release|Any CPU
		{86A3DFAE-8ECD-4FAD-B847-24435494E51E}.Release|x64.ActiveCfg = Release|Any CPU
		{86A3DFAE-8ECD-4FAD-B847-24435494E51E}.Release|x64.Build.0 = Release|Any CPU
		{86A3DFAE-8ECD-4FAD-B847-24435494E51E}.Release|x86.ActiveCfg = Release|Any CPU
		{86A3DFAE-8ECD-4FAD-B847-24435494E51E}.Release|x86.Build.0 = Release|Any CPU
		{5DCC8B12-4065-4EEB-BC55-820B78017B45}.Debug|Any CPU.ActiveCfg = Debug|Any CPU
		{5DCC8B12-4065-4EEB-BC55-820B78017B45}.Debug|Any CPU.Build.0 = Debug|Any CPU
		{5DCC8B12-4065-4EEB-BC55-820B78017B45}.Debug|x64.ActiveCfg = Debug|Any CPU
		{5DCC8B12-4065-4EEB-BC55-820B78017B45}.Debug|x64.Build.0 = Debug|Any CPU
		{5DCC8B12-4065-4EEB-BC55-820B78017B45}.Debug|x86.ActiveCfg = Debug|Any CPU
		{5DCC8B12-4065-4EEB-BC55-820B78017B45}.Debug|x86.Build.0 = Debug|Any CPU
		{5DCC8B12-4065-4EEB-BC55-820B78017B45}.Release|Any CPU.ActiveCfg = Release|Any CPU
		{5DCC8B12-4065-4EEB-BC55-820B78017B45}.Release|Any CPU.Build.0 = Release|Any CPU
		{5DCC8B12-4065-4EEB-BC55-820B78017B45}.Release|x64.ActiveCfg = Release|Any CPU
		{5DCC8B12-4065-4EEB-BC55-820B78017B45}.Release|x64.Build.0 = Release|Any CPU
		{5DCC8B12-4065-4EEB-BC55-820B78017B45}.Release|x86.ActiveCfg = Release|Any CPU
		{5DCC8B12-4065-4EEB-BC55-820B78017B45}.Release|x86.Build.0 = Release|Any CPU
		{3AE7DB34-665E-4778-ABC7-DBFF72FAD3EA}.Debug|Any CPU.ActiveCfg = Debug|Any CPU
		{3AE7DB34-665E-4778-ABC7-DBFF72FAD3EA}.Debug|Any CPU.Build.0 = Debug|Any CPU
		{3AE7DB34-665E-4778-ABC7-DBFF72FAD3EA}.Debug|x64.ActiveCfg = Debug|Any CPU
		{3AE7DB34-665E-4778-ABC7-DBFF72FAD3EA}.Debug|x64.Build.0 = Debug|Any CPU
		{3AE7DB34-665E-4778-ABC7-DBFF72FAD3EA}.Debug|x86.ActiveCfg = Debug|Any CPU
		{3AE7DB34-665E-4778-ABC7-DBFF72FAD3EA}.Debug|x86.Build.0 = Debug|Any CPU
		{3AE7DB34-665E-4778-ABC7-DBFF72FAD3EA}.Release|Any CPU.ActiveCfg = Release|Any CPU
		{3AE7DB34-665E-4778-ABC7-DBFF72FAD3EA}.Release|Any CPU.Build.0 = Release|Any CPU
		{3AE7DB34-665E-4778-ABC7-DBFF72FAD3EA}.Release|x64.ActiveCfg = Release|Any CPU
		{3AE7DB34-665E-4778-ABC7-DBFF72FAD3EA}.Release|x64.Build.0 = Release|Any CPU
		{3AE7DB34-665E-4778-ABC7-DBFF72FAD3EA}.Release|x86.ActiveCfg = Release|Any CPU
		{3AE7DB34-665E-4778-ABC7-DBFF72FAD3EA}.Release|x86.Build.0 = Release|Any CPU
	EndGlobalSection
	GlobalSection(NestedProjects) = preSolution
		{86A3DFAE-8ECD-4FAD-B847-24435494E51E} = {E2E7E9A4-D129-44C8-8742-F77B776859CB}
		{5DCC8B12-4065-4EEB-BC55-820B78017B45} = {E2E7E9A4-D129-44C8-8742-F77B776859CB}
		{3AE7DB34-665E-4778-ABC7-DBFF72FAD3EA} = {E2E7E9A4-D129-44C8-8742-F77B776859CB}
	EndGlobalSection
EndGlobal
